
Microsoft Visual Studio Solution File, Format Version 12.00
# Visual Studio Version 17
VisualStudioVersion = 17.6.33723.286
MinimumVisualStudioVersion = 10.0.40219.1
Project("{9A19103F-16F7-4668-BE54-9A1E7A4F7556}") = "World.API", "World.API\World.API.csproj", "{6367B175-4D57-4535-87FE-7B4CBA22EC0B}"
EndProject
Project("{FAE04EC0-301F-11D3-BF4B-00C04F79EFBC}") = "WorldWebAPI", "WorldWebAPI\WorldWebAPI.csproj", "{20A4D83F-445C-4841-B4F7-438F8F9C9C6A}"
EndProject
Global
	GlobalSection(SolutionConfigurationPlatforms) = preSolution
		Debug|Any CPU = Debug|Any CPU
		Release|Any CPU = Release|Any CPU
	EndGlobalSection
	GlobalSection(ProjectConfigurationPlatforms) = postSolution
		{6367B175-4D57-4535-87FE-7B4CBA22EC0B}.Debug|Any CPU.ActiveCfg = Debug|Any CPU
		{6367B175-4D57-4535-87FE-7B4CBA22EC0B}.Debug|Any CPU.Build.0 = Debug|Any CPU
		{6367B175-4D57-4535-87FE-7B4CBA22EC0B}.Release|Any CPU.ActiveCfg = Release|Any CPU
		{6367B175-4D57-4535-87FE-7B4CBA22EC0B}.Release|Any CPU.Build.0 = Release|Any CPU
		{20A4D83F-445C-4841-B4F7-438F8F9C9C6A}.Debug|Any CPU.ActiveCfg = Debug|Any CPU
		{20A4D83F-445C-4841-B4F7-438F8F9C9C6A}.Debug|Any CPU.Build.0 = Debug|Any CPU
		{20A4D83F-445C-4841-B4F7-438F8F9C9C6A}.Release|Any CPU.ActiveCfg = Release|Any CPU
		{20A4D83F-445C-4841-B4F7-438F8F9C9C6A}.Release|Any CPU.Build.0 = Release|Any CPU
	EndGlobalSection
	GlobalSection(SolutionProperties) = preSolution
		HideSolutionNode = FALSE
	EndGlobalSection
	GlobalSection(ExtensibilityGlobals) = postSolution
		SolutionGuid = {BA3F1949-313A-46BA-B331-6487BFCF6AD4}
	EndGlobalSection
EndGlobal
